// !$*UTF8*$!
{
	archiveVersion = 1;
	classes = {
	};
	objectVersion = 56;
	objects = {

/* Begin PBXBuildFile section */
		83A8CD652963430600FC6B18 /* AppDelegate.swift in Sources */ = {isa = PBXBuildFile; fileRef = 83A8CD642963430600FC6B18 /* AppDelegate.swift */; };
		83A8CD672963430600FC6B18 /* SceneDelegate.swift in Sources */ = {isa = PBXBuildFile; fileRef = 83A8CD662963430600FC6B18 /* SceneDelegate.swift */; };
		83A8CD692963430600FC6B18 /* RMTabBarController.swift in Sources */ = {isa = PBXBuildFile; fileRef = 83A8CD682963430600FC6B18 /* RMTabBarController.swift */; };
		83A8CD6E2963430700FC6B18 /* Assets.xcassets in Resources */ = {isa = PBXBuildFile; fileRef = 83A8CD6D2963430700FC6B18 /* Assets.xcassets */; };
		83A8CD712963430700FC6B18 /* LaunchScreen.storyboard in Resources */ = {isa = PBXBuildFile; fileRef = 83A8CD6F2963430700FC6B18 /* LaunchScreen.storyboard */; };
		83A8CD802963472F00FC6B18 /* RMLocation.swift in Sources */ = {isa = PBXBuildFile; fileRef = 83A8CD7F2963472F00FC6B18 /* RMLocation.swift */; };
		83A8CD822963475000FC6B18 /* RMCharacter.swift in Sources */ = {isa = PBXBuildFile; fileRef = 83A8CD812963475000FC6B18 /* RMCharacter.swift */; };
		83A8CD842963476100FC6B18 /* RMEpisode.swift in Sources */ = {isa = PBXBuildFile; fileRef = 83A8CD832963476100FC6B18 /* RMEpisode.swift */; };
		83A8CD87296348B200FC6B18 /* RMCharacterViewController.swift in Sources */ = {isa = PBXBuildFile; fileRef = 83A8CD86296348B200FC6B18 /* RMCharacterViewController.swift */; };
		83A8CD89296348F100FC6B18 /* RMLocationViewController.swift in Sources */ = {isa = PBXBuildFile; fileRef = 83A8CD88296348F100FC6B18 /* RMLocationViewController.swift */; };
		83A8CD8B2963490700FC6B18 /* RMEpisodeViewController.swift in Sources */ = {isa = PBXBuildFile; fileRef = 83A8CD8A2963490700FC6B18 /* RMEpisodeViewController.swift */; };
		83A8CD8D2963493000FC6B18 /* RMSettingsViewController.swift in Sources */ = {isa = PBXBuildFile; fileRef = 83A8CD8C2963493000FC6B18 /* RMSettingsViewController.swift */; };
/* End PBXBuildFile section */

/* Begin PBXFileReference section */
		83A8CD612963430600FC6B18 /* Rick&Morty.app */ = {isa = PBXFileReference; explicitFileType = wrapper.application; includeInIndex = 0; path = "Rick&Morty.app"; sourceTree = BUILT_PRODUCTS_DIR; };
		83A8CD642963430600FC6B18 /* AppDelegate.swift */ = {isa = PBXFileReference; lastKnownFileType = sourcecode.swift; path = AppDelegate.swift; sourceTree = "<group>"; };
		83A8CD662963430600FC6B18 /* SceneDelegate.swift */ = {isa = PBXFileReference; lastKnownFileType = sourcecode.swift; path = SceneDelegate.swift; sourceTree = "<group>"; };
		83A8CD682963430600FC6B18 /* RMTabBarController.swift */ = {isa = PBXFileReference; lastKnownFileType = sourcecode.swift; path = RMTabBarController.swift; sourceTree = "<group>"; };
		83A8CD6D2963430700FC6B18 /* Assets.xcassets */ = {isa = PBXFileReference; lastKnownFileType = folder.assetcatalog; path = Assets.xcassets; sourceTree = "<group>"; };
		83A8CD702963430700FC6B18 /* Base */ = {isa = PBXFileReference; lastKnownFileType = file.storyboard; name = Base; path = Base.lproj/LaunchScreen.storyboard; sourceTree = "<group>"; };
		83A8CD722963430700FC6B18 /* Info.plist */ = {isa = PBXFileReference; lastKnownFileType = text.plist.xml; path = Info.plist; sourceTree = "<group>"; };
		83A8CD7F2963472F00FC6B18 /* RMLocation.swift */ = {isa = PBXFileReference; lastKnownFileType = sourcecode.swift; path = RMLocation.swift; sourceTree = "<group>"; };
		83A8CD812963475000FC6B18 /* RMCharacter.swift */ = {isa = PBXFileReference; lastKnownFileType = sourcecode.swift; path = RMCharacter.swift; sourceTree = "<group>"; };
		83A8CD832963476100FC6B18 /* RMEpisode.swift */ = {isa = PBXFileReference; lastKnownFileType = sourcecode.swift; path = RMEpisode.swift; sourceTree = "<group>"; };
		83A8CD86296348B200FC6B18 /* RMCharacterViewController.swift */ = {isa = PBXFileReference; lastKnownFileType = sourcecode.swift; path = RMCharacterViewController.swift; sourceTree = "<group>"; };
		83A8CD88296348F100FC6B18 /* RMLocationViewController.swift */ = {isa = PBXFileReference; lastKnownFileType = sourcecode.swift; path = RMLocationViewController.swift; sourceTree = "<group>"; };
		83A8CD8A2963490700FC6B18 /* RMEpisodeViewController.swift */ = {isa = PBXFileReference; lastKnownFileType = sourcecode.swift; path = RMEpisodeViewController.swift; sourceTree = "<group>"; };
		83A8CD8C2963493000FC6B18 /* RMSettingsViewController.swift */ = {isa = PBXFileReference; lastKnownFileType = sourcecode.swift; path = RMSettingsViewController.swift; sourceTree = "<group>"; };
/* End PBXFileReference section */

/* Begin PBXFrameworksBuildPhase section */
		83A8CD5E2963430600FC6B18 /* Frameworks */ = {
			isa = PBXFrameworksBuildPhase;
			buildActionMask = 2147483647;
			files = (
			);
			runOnlyForDeploymentPostprocessing = 0;
		};
/* End PBXFrameworksBuildPhase section */

/* Begin PBXGroup section */
		83A8CD582963430600FC6B18 = {
			isa = PBXGroup;
			children = (
				83A8CD632963430600FC6B18 /* Rick&Morty */,
				83A8CD622963430600FC6B18 /* Products */,
			);
			sourceTree = "<group>";
		};
		83A8CD622963430600FC6B18 /* Products */ = {
			isa = PBXGroup;
			children = (
				83A8CD612963430600FC6B18 /* Rick&Morty.app */,
			);
			name = Products;
			sourceTree = "<group>";
		};
		83A8CD632963430600FC6B18 /* Rick&Morty */ = {
			isa = PBXGroup;
			children = (
				83A8CD7E2963464900FC6B18 /* Resources */,
				83A8CD7D2963463800FC6B18 /* Managers */,
				83A8CD7C2963462D00FC6B18 /* APIClient */,
				83A8CD7B2963460800FC6B18 /* ViewModels */,
				83A8CD7A296345FF00FC6B18 /* Views */,
				83A8CD79296345E900FC6B18 /* Models */,
				83A8CD78296345C600FC6B18 /* Controllers */,
				83A8CD682963430600FC6B18 /* RMTabBarController.swift */,
				83A8CD722963430700FC6B18 /* Info.plist */,
			);
			path = "Rick&Morty";
			sourceTree = "<group>";
		};
		83A8CD78296345C600FC6B18 /* Controllers */ = {
			isa = PBXGroup;
			children = (
				83A8CD852963482500FC6B18 /* Core */,
			);
			path = Controllers;
			sourceTree = "<group>";
		};
		83A8CD79296345E900FC6B18 /* Models */ = {
			isa = PBXGroup;
			children = (
				83A8CD7F2963472F00FC6B18 /* RMLocation.swift */,
				83A8CD812963475000FC6B18 /* RMCharacter.swift */,
				83A8CD832963476100FC6B18 /* RMEpisode.swift */,
			);
			path = Models;
			sourceTree = "<group>";
		};
		83A8CD7A296345FF00FC6B18 /* Views */ = {
			isa = PBXGroup;
			children = (
			);
			path = Views;
			sourceTree = "<group>";
		};
		83A8CD7B2963460800FC6B18 /* ViewModels */ = {
			isa = PBXGroup;
			children = (
			);
			path = ViewModels;
			sourceTree = "<group>";
		};
		83A8CD7C2963462D00FC6B18 /* APIClient */ = {
			isa = PBXGroup;
			children = (
			);
			path = APIClient;
			sourceTree = "<group>";
		};
		83A8CD7D2963463800FC6B18 /* Managers */ = {
			isa = PBXGroup;
			children = (
			);
			path = Managers;
			sourceTree = "<group>";
		};
		83A8CD7E2963464900FC6B18 /* Resources */ = {
			isa = PBXGroup;
			children = (
				83A8CD6F2963430700FC6B18 /* LaunchScreen.storyboard */,
				83A8CD6D2963430700FC6B18 /* Assets.xcassets */,
				83A8CD642963430600FC6B18 /* AppDelegate.swift */,
				83A8CD662963430600FC6B18 /* SceneDelegate.swift */,
			);
			path = Resources;
			sourceTree = "<group>";
		};
		83A8CD852963482500FC6B18 /* Core */ = {
			isa = PBXGroup;
			children = (
				83A8CD86296348B200FC6B18 /* RMCharacterViewController.swift */,
				83A8CD88296348F100FC6B18 /* RMLocationViewController.swift */,
				83A8CD8A2963490700FC6B18 /* RMEpisodeViewController.swift */,
				83A8CD8C2963493000FC6B18 /* RMSettingsViewController.swift */,
			);
			path = Core;
			sourceTree = "<group>";
		};
/* End PBXGroup section */

/* Begin PBXNativeTarget section */
		83A8CD602963430600FC6B18 /* Rick&Morty */ = {
			isa = PBXNativeTarget;
			buildConfigurationList = 83A8CD752963430700FC6B18 /* Build configuration list for PBXNativeTarget "Rick&Morty" */;
			buildPhases = (
				83A8CD5D2963430600FC6B18 /* Sources */,
				83A8CD5E2963430600FC6B18 /* Frameworks */,
				83A8CD5F2963430600FC6B18 /* Resources */,
			);
			buildRules = (
			);
			dependencies = (
			);
			name = "Rick&Morty";
			productName = "Rick&Morty";
			productReference = 83A8CD612963430600FC6B18 /* Rick&Morty.app */;
			productType = "com.apple.product-type.application";
		};
/* End PBXNativeTarget section */

/* Begin PBXProject section */
		83A8CD592963430600FC6B18 /* Project object */ = {
			isa = PBXProject;
			attributes = {
				BuildIndependentTargetsInParallel = 1;
				LastSwiftUpdateCheck = 1420;
				LastUpgradeCheck = 1420;
				TargetAttributes = {
					83A8CD602963430600FC6B18 = {
						CreatedOnToolsVersion = 14.2;
					};
				};
			};
			buildConfigurationList = 83A8CD5C2963430600FC6B18 /* Build configuration list for PBXProject "Rick&Morty" */;
			compatibilityVersion = "Xcode 14.0";
			developmentRegion = en;
			hasScannedForEncodings = 0;
			knownRegions = (
				en,
				Base,
			);
			mainGroup = 83A8CD582963430600FC6B18;
			productRefGroup = 83A8CD622963430600FC6B18 /* Products */;
			projectDirPath = "";
			projectRoot = "";
			targets = (
				83A8CD602963430600FC6B18 /* Rick&Morty */,
			);
		};
/* End PBXProject section */

/* Begin PBXResourcesBuildPhase section */
		83A8CD5F2963430600FC6B18 /* Resources */ = {
			isa = PBXResourcesBuildPhase;
			buildActionMask = 2147483647;
			files = (
				83A8CD712963430700FC6B18 /* LaunchScreen.storyboard in Resources */,
				83A8CD6E2963430700FC6B18 /* Assets.xcassets in Resources */,
			);
			runOnlyForDeploymentPostprocessing = 0;
		};
/* End PBXResourcesBuildPhase section */

/* Begin PBXSourcesBuildPhase section */
		83A8CD5D2963430600FC6B18 /* Sources */ = {
			isa = PBXSourcesBuildPhase;
			buildActionMask = 2147483647;
			files = (
				83A8CD89296348F100FC6B18 /* RMLocationViewController.swift in Sources */,
				83A8CD842963476100FC6B18 /* RMEpisode.swift in Sources */,
				83A8CD692963430600FC6B18 /* RMTabBarController.swift in Sources */,
				83A8CD8B2963490700FC6B18 /* RMEpisodeViewController.swift in Sources */,
				83A8CD652963430600FC6B18 /* AppDelegate.swift in Sources */,
				83A8CD672963430600FC6B18 /* SceneDelegate.swift in Sources */,
				83A8CD8D2963493000FC6B18 /* RMSettingsViewController.swift in Sources */,
				83A8CD802963472F00FC6B18 /* RMLocation.swift in Sources */,
				83A8CD822963475000FC6B18 /* RMCharacter.swift in Sources */,
				83A8CD87296348B200FC6B18 /* RMCharacterViewController.swift in Sources */,
			);
			runOnlyForDeploymentPostprocessing = 0;
		};
/* End PBXSourcesBuildPhase section */

/* Begin PBXVariantGroup section */
		83A8CD6F2963430700FC6B18 /* LaunchScreen.storyboard */ = {
			isa = PBXVariantGroup;
			children = (
				83A8CD702963430700FC6B18 /* Base */,
			);
			name = LaunchScreen.storyboard;
			sourceTree = "<group>";
		};
/* End PBXVariantGroup section */

/* Begin XCBuildConfiguration section */
		83A8CD732963430700FC6B18 /* Debug */ = {
			isa = XCBuildConfiguration;
			buildSettings = {
				ALWAYS_SEARCH_USER_PATHS = NO;
				CLANG_ANALYZER_NONNULL = YES;
				CLANG_ANALYZER_NUMBER_OBJECT_CONVERSION = YES_AGGRESSIVE;
				CLANG_CXX_LANGUAGE_STANDARD = "gnu++20";
				CLANG_ENABLE_MODULES = YES;
				CLANG_ENABLE_OBJC_ARC = YES;
				CLANG_ENABLE_OBJC_WEAK = YES;
				CLANG_WARN_BLOCK_CAPTURE_AUTORELEASING = YES;
				CLANG_WARN_BOOL_CONVERSION = YES;
				CLANG_WARN_COMMA = YES;
				CLANG_WARN_CONSTANT_CONVERSION = YES;
				CLANG_WARN_DEPRECATED_OBJC_IMPLEMENTATIONS = YES;
				CLANG_WARN_DIRECT_OBJC_ISA_USAGE = YES_ERROR;
				CLANG_WARN_DOCUMENTATION_COMMENTS = YES;
				CLANG_WARN_EMPTY_BODY = YES;
				CLANG_WARN_ENUM_CONVERSION = YES;
				CLANG_WARN_INFINITE_RECURSION = YES;
				CLANG_WARN_INT_CONVERSION = YES;
				CLANG_WARN_NON_LITERAL_NULL_CONVERSION = YES;
				CLANG_WARN_OBJC_IMPLICIT_RETAIN_SELF = YES;
				CLANG_WARN_OBJC_LITERAL_CONVERSION = YES;
				CLANG_WARN_OBJC_ROOT_CLASS = YES_ERROR;
				CLANG_WARN_QUOTED_INCLUDE_IN_FRAMEWORK_HEADER = YES;
				CLANG_WARN_RANGE_LOOP_ANALYSIS = YES;
				CLANG_WARN_STRICT_PROTOTYPES = YES;
				CLANG_WARN_SUSPICIOUS_MOVE = YES;
				CLANG_WARN_UNGUARDED_AVAILABILITY = YES_AGGRESSIVE;
				CLANG_WARN_UNREACHABLE_CODE = YES;
				CLANG_WARN__DUPLICATE_METHOD_MATCH = YES;
				COPY_PHASE_STRIP = NO;
				DEBUG_INFORMATION_FORMAT = dwarf;
				ENABLE_STRICT_OBJC_MSGSEND = YES;
				ENABLE_TESTABILITY = YES;
				GCC_C_LANGUAGE_STANDARD = gnu11;
				GCC_DYNAMIC_NO_PIC = NO;
				GCC_NO_COMMON_BLOCKS = YES;
				GCC_OPTIMIZATION_LEVEL = 0;
				GCC_PREPROCESSOR_DEFINITIONS = (
					"DEBUG=1",
					"$(inherited)",
				);
				GCC_WARN_64_TO_32_BIT_CONVERSION = YES;
				GCC_WARN_ABOUT_RETURN_TYPE = YES_ERROR;
				GCC_WARN_UNDECLARED_SELECTOR = YES;
				GCC_WARN_UNINITIALIZED_AUTOS = YES_AGGRESSIVE;
				GCC_WARN_UNUSED_FUNCTION = YES;
				GCC_WARN_UNUSED_VARIABLE = YES;
				IPHONEOS_DEPLOYMENT_TARGET = 16.2;
				MTL_ENABLE_DEBUG_INFO = INCLUDE_SOURCE;
				MTL_FAST_MATH = YES;
				ONLY_ACTIVE_ARCH = YES;
				SDKROOT = iphoneos;
				SWIFT_ACTIVE_COMPILATION_CONDITIONS = DEBUG;
				SWIFT_OPTIMIZATION_LEVEL = "-Onone";
			};
			name = Debug;
		};
		83A8CD742963430700FC6B18 /* Release */ = {
			isa = XCBuildConfiguration;
			buildSettings = {
				ALWAYS_SEARCH_USER_PATHS = NO;
				CLANG_ANALYZER_NONNULL = YES;
				CLANG_ANALYZER_NUMBER_OBJECT_CONVERSION = YES_AGGRESSIVE;
				CLANG_CXX_LANGUAGE_STANDARD = "gnu++20";
				CLANG_ENABLE_MODULES = YES;
				CLANG_ENABLE_OBJC_ARC = YES;
				CLANG_ENABLE_OBJC_WEAK = YES;
				CLANG_WARN_BLOCK_CAPTURE_AUTORELEASING = YES;
				CLANG_WARN_BOOL_CONVERSION = YES;
				CLANG_WARN_COMMA = YES;
				CLANG_WARN_CONSTANT_CONVERSION = YES;
				CLANG_WARN_DEPRECATED_OBJC_IMPLEMENTATIONS = YES;
				CLANG_WARN_DIRECT_OBJC_ISA_USAGE = YES_ERROR;
				CLANG_WARN_DOCUMENTATION_COMMENTS = YES;
				CLANG_WARN_EMPTY_BODY = YES;
				CLANG_WARN_ENUM_CONVERSION = YES;
				CLANG_WARN_INFINITE_RECURSION = YES;
				CLANG_WARN_INT_CONVERSION = YES;
				CLANG_WARN_NON_LITERAL_NULL_CONVERSION = YES;
				CLANG_WARN_OBJC_IMPLICIT_RETAIN_SELF = YES;
				CLANG_WARN_OBJC_LITERAL_CONVERSION = YES;
				CLANG_WARN_OBJC_ROOT_CLASS = YES_ERROR;
				CLANG_WARN_QUOTED_INCLUDE_IN_FRAMEWORK_HEADER = YES;
				CLANG_WARN_RANGE_LOOP_ANALYSIS = YES;
				CLANG_WARN_STRICT_PROTOTYPES = YES;
				CLANG_WARN_SUSPICIOUS_MOVE = YES;
				CLANG_WARN_UNGUARDED_AVAILABILITY = YES_AGGRESSIVE;
				CLANG_WARN_UNREACHABLE_CODE = YES;
				CLANG_WARN__DUPLICATE_METHOD_MATCH = YES;
				COPY_PHASE_STRIP = NO;
				DEBUG_INFORMATION_FORMAT = "dwarf-with-dsym";
				ENABLE_NS_ASSERTIONS = NO;
				ENABLE_STRICT_OBJC_MSGSEND = YES;
				GCC_C_LANGUAGE_STANDARD = gnu11;
				GCC_NO_COMMON_BLOCKS = YES;
				GCC_WARN_64_TO_32_BIT_CONVERSION = YES;
				GCC_WARN_ABOUT_RETURN_TYPE = YES_ERROR;
				GCC_WARN_UNDECLARED_SELECTOR = YES;
				GCC_WARN_UNINITIALIZED_AUTOS = YES_AGGRESSIVE;
				GCC_WARN_UNUSED_FUNCTION = YES;
				GCC_WARN_UNUSED_VARIABLE = YES;
				IPHONEOS_DEPLOYMENT_TARGET = 16.2;
				MTL_ENABLE_DEBUG_INFO = NO;
				MTL_FAST_MATH = YES;
				SDKROOT = iphoneos;
				SWIFT_COMPILATION_MODE = wholemodule;
				SWIFT_OPTIMIZATION_LEVEL = "-O";
				VALIDATE_PRODUCT = YES;
			};
			name = Release;
		};
		83A8CD762963430700FC6B18 /* Debug */ = {
			isa = XCBuildConfiguration;
			buildSettings = {
				ASSETCATALOG_COMPILER_APPICON_NAME = AppIcon;
				ASSETCATALOG_COMPILER_GLOBAL_ACCENT_COLOR_NAME = AccentColor;
				CODE_SIGN_STYLE = Automatic;
				CURRENT_PROJECT_VERSION = 1;
				DEVELOPMENT_TEAM = QNMAN93M7G;
				GENERATE_INFOPLIST_FILE = YES;
				INFOPLIST_FILE = "Rick&Morty/Info.plist";
				INFOPLIST_KEY_UIApplicationSupportsIndirectInputEvents = YES;
				INFOPLIST_KEY_UILaunchStoryboardName = LaunchScreen;
				INFOPLIST_KEY_UISupportedInterfaceOrientations_iPad = "UIInterfaceOrientationPortrait UIInterfaceOrientationPortraitUpsideDown UIInterfaceOrientationLandscapeLeft UIInterfaceOrientationLandscapeRight";
				INFOPLIST_KEY_UISupportedInterfaceOrientations_iPhone = "UIInterfaceOrientationPortrait UIInterfaceOrientationLandscapeLeft UIInterfaceOrientationLandscapeRight";
				LD_RUNPATH_SEARCH_PATHS = (
					"$(inherited)",
					"@executable_path/Frameworks",
				);
				MARKETING_VERSION = 1.0;
				PRODUCT_BUNDLE_IDENTIFIER = "com.tinastithtwine.Rick-Morty";
				PRODUCT_NAME = "$(TARGET_NAME)";
				SWIFT_EMIT_LOC_STRINGS = YES;
				SWIFT_VERSION = 5.0;
				TARGETED_DEVICE_FAMILY = "1,2";
			};
			name = Debug;
		};
		83A8CD772963430700FC6B18 /* Release */ = {
			isa = XCBuildConfiguration;
			buildSettings = {
				ASSETCATALOG_COMPILER_APPICON_NAME = AppIcon;
				ASSETCATALOG_COMPILER_GLOBAL_ACCENT_COLOR_NAME = AccentColor;
				CODE_SIGN_STYLE = Automatic;
				CURRENT_PROJECT_VERSION = 1;
				DEVELOPMENT_TEAM = QNMAN93M7G;
				GENERATE_INFOPLIST_FILE = YES;
				INFOPLIST_FILE = "Rick&Morty/Info.plist";
				INFOPLIST_KEY_UIApplicationSupportsIndirectInputEvents = YES;
				INFOPLIST_KEY_UILaunchStoryboardName = LaunchScreen;
				INFOPLIST_KEY_UISupportedInterfaceOrientations_iPad = "UIInterfaceOrientationPortrait UIInterfaceOrientationPortraitUpsideDown UIInterfaceOrientationLandscapeLeft UIInterfaceOrientationLandscapeRight";
				INFOPLIST_KEY_UISupportedInterfaceOrientations_iPhone = "UIInterfaceOrientationPortrait UIInterfaceOrientationLandscapeLeft UIInterfaceOrientationLandscapeRight";
				LD_RUNPATH_SEARCH_PATHS = (
					"$(inherited)",
					"@executable_path/Frameworks",
				);
				MARKETING_VERSION = 1.0;
				PRODUCT_BUNDLE_IDENTIFIER = "com.tinastithtwine.Rick-Morty";
				PRODUCT_NAME = "$(TARGET_NAME)";
				SWIFT_EMIT_LOC_STRINGS = YES;
				SWIFT_VERSION = 5.0;
				TARGETED_DEVICE_FAMILY = "1,2";
			};
			name = Release;
		};
/* End XCBuildConfiguration section */

/* Begin XCConfigurationList section */
		83A8CD5C2963430600FC6B18 /* Build configuration list for PBXProject "Rick&Morty" */ = {
			isa = XCConfigurationList;
			buildConfigurations = (
				83A8CD732963430700FC6B18 /* Debug */,
				83A8CD742963430700FC6B18 /* Release */,
			);
			defaultConfigurationIsVisible = 0;
			defaultConfigurationName = Release;
		};
		83A8CD752963430700FC6B18 /* Build configuration list for PBXNativeTarget "Rick&Morty" */ = {
			isa = XCConfigurationList;
			buildConfigurations = (
				83A8CD762963430700FC6B18 /* Debug */,
				83A8CD772963430700FC6B18 /* Release */,
			);
			defaultConfigurationIsVisible = 0;
			defaultConfigurationName = Release;
		};
/* End XCConfigurationList section */
	};
	rootObject = 83A8CD592963430600FC6B18 /* Project object */;
}
